
Microsoft Visual Studio Solution File, Format Version 12.00
# Visual Studio Version 16
VisualStudioVersion = 16.0.30011.22
MinimumVisualStudioVersion = 10.0.40219.1
Project("{FAE04EC0-301F-11D3-BF4B-00C04F79EFBC}") = "projectsummer", "projectsummer\projectsummer.csproj", "{5CFD7DB3-4C66-4F21-BE99-0FC86D45F4B5}"
EndProject
Global
	GlobalSection(SolutionConfigurationPlatforms) = preSolution
		Debug|Any CPU = Debug|Any CPU
		Release|Any CPU = Release|Any CPU
	EndGlobalSection
	GlobalSection(ProjectConfigurationPlatforms) = postSolution
		{5CFD7DB3-4C66-4F21-BE99-0FC86D45F4B5}.Debug|Any CPU.ActiveCfg = Debug|Any CPU
		{5CFD7DB3-4C66-4F21-BE99-0FC86D45F4B5}.Debug|Any CPU.Build.0 = Debug|Any CPU
		{5CFD7DB3-4C66-4F21-BE99-0FC86D45F4B5}.Release|Any CPU.ActiveCfg = Release|Any CPU
		{5CFD7DB3-4C66-4F21-BE99-0FC86D45F4B5}.Release|Any CPU.Build.0 = Release|Any CPU
	EndGlobalSection
	GlobalSection(SolutionProperties) = preSolution
		HideSolutionNode = FALSE
	EndGlobalSection
	GlobalSection(ExtensibilityGlobals) = postSolution
		SolutionGuid = {8DA51DB6-4903-49E8-BD8D-2DCCD513342D}
	EndGlobalSection
EndGlobal
